
Microsoft Visual Studio Solution File, Format Version 12.00
# Visual Studio 15
VisualStudioVersion = 15.0.28307.329
MinimumVisualStudioVersion = 10.0.40219.1
Project("{FAE04EC0-301F-11D3-BF4B-00C04F79EFBC}") = "OOP2_CoinProgram", "OOP2_CoinProgram\OOP2_CoinProgram.csproj", "{A3AFF8F9-0B89-41C3-BB68-F6C600B1E676}"
EndProject
Project("{FAE04EC0-301F-11D3-BF4B-00C04F79EFBC}") = "UnitTestsCurrency", "UnitTestsCurrency\UnitTestsCurrency.csproj", "{05F783AD-7DB4-439D-B600-65C35802266C}"
EndProject
Global
	GlobalSection(SolutionConfigurationPlatforms) = preSolution
		Debug|Any CPU = Debug|Any CPU
		Release|Any CPU = Release|Any CPU
	EndGlobalSection
	GlobalSection(ProjectConfigurationPlatforms) = postSolution
		{A3AFF8F9-0B89-41C3-BB68-F6C600B1E676}.Debug|Any CPU.ActiveCfg = Debug|Any CPU
		{A3AFF8F9-0B89-41C3-BB68-F6C600B1E676}.Debug|Any CPU.Build.0 = Debug|Any CPU
		{A3AFF8F9-0B89-41C3-BB68-F6C600B1E676}.Release|Any CPU.ActiveCfg = Release|Any CPU
		{A3AFF8F9-0B89-41C3-BB68-F6C600B1E676}.Release|Any CPU.Build.0 = Release|Any CPU
		{05F783AD-7DB4-439D-B600-65C35802266C}.Debug|Any CPU.ActiveCfg = Debug|Any CPU
		{05F783AD-7DB4-439D-B600-65C35802266C}.Debug|Any CPU.Build.0 = Debug|Any CPU
		{05F783AD-7DB4-439D-B600-65C35802266C}.Release|Any CPU.ActiveCfg = Release|Any CPU
		{05F783AD-7DB4-439D-B600-65C35802266C}.Release|Any CPU.Build.0 = Release|Any CPU
	EndGlobalSection
	GlobalSection(SolutionProperties) = preSolution
		HideSolutionNode = FALSE
	EndGlobalSection
	GlobalSection(ExtensibilityGlobals) = postSolution
		SolutionGuid = {E60C6931-1851-4EAC-9326-AB3D6EAF4877}
	EndGlobalSection
EndGlobal
